
Microsoft Visual Studio Solution File, Format Version 12.00
# Visual Studio Version 17
VisualStudioVersion = 17.1.32421.90
MinimumVisualStudioVersion = 10.0.40219.1
Project("{FAE04EC0-301F-11D3-BF4B-00C04F79EFBC}") = "CollectionsDemo", "CollectionsDemo.csproj", "{BFD1EADB-C499-4F8A-AE87-C7D399271093}"
EndProject
Global
	GlobalSection(SolutionConfigurationPlatforms) = preSolution
		Debug|Any CPU = Debug|Any CPU
		Release|Any CPU = Release|Any CPU
	EndGlobalSection
	GlobalSection(ProjectConfigurationPlatforms) = postSolution
		{BFD1EADB-C499-4F8A-AE87-C7D399271093}.Debug|Any CPU.ActiveCfg = Debug|Any CPU
		{BFD1EADB-C499-4F8A-AE87-C7D399271093}.Debug|Any CPU.Build.0 = Debug|Any CPU
		{BFD1EADB-C499-4F8A-AE87-C7D399271093}.Release|Any CPU.ActiveCfg = Release|Any CPU
		{BFD1EADB-C499-4F8A-AE87-C7D399271093}.Release|Any CPU.Build.0 = Release|Any CPU
	EndGlobalSection
	GlobalSection(SolutionProperties) = preSolution
		HideSolutionNode = FALSE
	EndGlobalSection
	GlobalSection(ExtensibilityGlobals) = postSolution
		SolutionGuid = {E6E45031-4E36-41C0-85F8-12F3636A949E}
	EndGlobalSection
EndGlobal
